
Microsoft Visual Studio Solution File, Format Version 12.00
# Visual Studio Version 17
VisualStudioVersion = 17.13.35825.156 d17.13
MinimumVisualStudioVersion = 10.0.40219.1
Project("{FAE04EC0-301F-11D3-BF4B-00C04F79EFBC}") = "PostService", "PostService\PostService.csproj", "{563BACA0-3D9C-465C-AE60-90AA14F61F26}"
EndProject
Project("{FAE04EC0-301F-11D3-BF4B-00C04F79EFBC}") = "PostService.data", "PostService.data\PostService.data.csproj", "{61B2ABAB-3CFC-4EF2-8C4C-60B204FB2281}"
EndProject
Project("{FAE04EC0-301F-11D3-BF4B-00C04F79EFBC}") = "PostService.service", "PostService.service\PostService.service.csproj", "{3ACD6F6F-7BE4-4FF6-AB63-58E291FBC8F8}"
EndProject
Global
	GlobalSection(SolutionConfigurationPlatforms) = preSolution
		Debug|Any CPU = Debug|Any CPU
		Release|Any CPU = Release|Any CPU
	EndGlobalSection
	GlobalSection(ProjectConfigurationPlatforms) = postSolution
		{563BACA0-3D9C-465C-AE60-90AA14F61F26}.Debug|Any CPU.ActiveCfg = Debug|Any CPU
		{563BACA0-3D9C-465C-AE60-90AA14F61F26}.Debug|Any CPU.Build.0 = Debug|Any CPU
		{563BACA0-3D9C-465C-AE60-90AA14F61F26}.Release|Any CPU.ActiveCfg = Release|Any CPU
		{563BACA0-3D9C-465C-AE60-90AA14F61F26}.Release|Any CPU.Build.0 = Release|Any CPU
		{61B2ABAB-3CFC-4EF2-8C4C-60B204FB2281}.Debug|Any CPU.ActiveCfg = Debug|Any CPU
		{61B2ABAB-3CFC-4EF2-8C4C-60B204FB2281}.Debug|Any CPU.Build.0 = Debug|Any CPU
		{61B2ABAB-3CFC-4EF2-8C4C-60B204FB2281}.Release|Any CPU.ActiveCfg = Release|Any CPU
		{61B2ABAB-3CFC-4EF2-8C4C-60B204FB2281}.Release|Any CPU.Build.0 = Release|Any CPU
		{3ACD6F6F-7BE4-4FF6-AB63-58E291FBC8F8}.Debug|Any CPU.ActiveCfg = Debug|Any CPU
		{3ACD6F6F-7BE4-4FF6-AB63-58E291FBC8F8}.Debug|Any CPU.Build.0 = Debug|Any CPU
		{3ACD6F6F-7BE4-4FF6-AB63-58E291FBC8F8}.Release|Any CPU.ActiveCfg = Release|Any CPU
		{3ACD6F6F-7BE4-4FF6-AB63-58E291FBC8F8}.Release|Any CPU.Build.0 = Release|Any CPU
	EndGlobalSection
	GlobalSection(SolutionProperties) = preSolution
		HideSolutionNode = FALSE
	EndGlobalSection
	GlobalSection(ExtensibilityGlobals) = postSolution
		SolutionGuid = {94C1A9DC-3FC1-4118-9E75-894302EB1E71}
	EndGlobalSection
EndGlobal
