
Microsoft Visual Studio Solution File, Format Version 12.00
# Visual Studio Version 17
VisualStudioVersion = 17.13.35825.156 d17.13
MinimumVisualStudioVersion = 10.0.40219.1
Project("{FAE04EC0-301F-11D3-BF4B-00C04F79EFBC}") = "AuthService", "AuthService\AuthService.csproj", "{B63477EA-2BBC-4408-B3F3-28F990CFA2A9}"
EndProject
Project("{FAE04EC0-301F-11D3-BF4B-00C04F79EFBC}") = "AuthService.Services", "AuthService.Services\AuthService.Services.csproj", "{1F653C9D-47A8-4BE8-917E-3D8A55E2F271}"
EndProject
Project("{FAE04EC0-301F-11D3-BF4B-00C04F79EFBC}") = "AuthService.Data", "AuthService.Data\AuthService.Data.csproj", "{C6D69265-5767-4550-89BA-0BAB2D457987}"
EndProject
Global
	GlobalSection(SolutionConfigurationPlatforms) = preSolution
		Debug|Any CPU = Debug|Any CPU
		Release|Any CPU = Release|Any CPU
	EndGlobalSection
	GlobalSection(ProjectConfigurationPlatforms) = postSolution
		{B63477EA-2BBC-4408-B3F3-28F990CFA2A9}.Debug|Any CPU.ActiveCfg = Debug|Any CPU
		{B63477EA-2BBC-4408-B3F3-28F990CFA2A9}.Debug|Any CPU.Build.0 = Debug|Any CPU
		{B63477EA-2BBC-4408-B3F3-28F990CFA2A9}.Release|Any CPU.ActiveCfg = Release|Any CPU
		{B63477EA-2BBC-4408-B3F3-28F990CFA2A9}.Release|Any CPU.Build.0 = Release|Any CPU
		{1F653C9D-47A8-4BE8-917E-3D8A55E2F271}.Debug|Any CPU.ActiveCfg = Debug|Any CPU
		{1F653C9D-47A8-4BE8-917E-3D8A55E2F271}.Debug|Any CPU.Build.0 = Debug|Any CPU
		{1F653C9D-47A8-4BE8-917E-3D8A55E2F271}.Release|Any CPU.ActiveCfg = Release|Any CPU
		{1F653C9D-47A8-4BE8-917E-3D8A55E2F271}.Release|Any CPU.Build.0 = Release|Any CPU
		{C6D69265-5767-4550-89BA-0BAB2D457987}.Debug|Any CPU.ActiveCfg = Debug|Any CPU
		{C6D69265-5767-4550-89BA-0BAB2D457987}.Debug|Any CPU.Build.0 = Debug|Any CPU
		{C6D69265-5767-4550-89BA-0BAB2D457987}.Release|Any CPU.ActiveCfg = Release|Any CPU
		{C6D69265-5767-4550-89BA-0BAB2D457987}.Release|Any CPU.Build.0 = Release|Any CPU
	EndGlobalSection
	GlobalSection(SolutionProperties) = preSolution
		HideSolutionNode = FALSE
	EndGlobalSection
	GlobalSection(ExtensibilityGlobals) = postSolution
		SolutionGuid = {CCEFD809-722B-4EF1-B924-F7D4EEF30EB8}
	EndGlobalSection
EndGlobal
